{
  "version": 4,
  "terraform_version": "1.0.4",
  "serial": 3,
  "lineage": "42ea4a8b-3c03-3686-1216-e99104ae5bcc",
  "outputs": {},
  "resources": [
    {
      "mode": "managed",
      "type": "oci_core_subnet",
      "name": "dev",
      "provider": "provider[\"registry.terraform.io/hashicorp/oci\"]",
      "instances": [
        {
          "schema_version": 0,
          "attributes": {
            "availability_domain": null,
            "cidr_block": "172.16.0.0/24",
            "compartment_id": "ocid1.compartment.oc1..aaaaaaaanwem7xa7q7xubbc4heyap3qnkopittitpxk4a7xp3h4y62mqdlka",
            "defined_tags": {
              "Oracle-Tags.CreatedBy": "oracleidentitycloudservice/clingxin",
              "Oracle-Tags.CreatedOn": "2021-08-18T04:07:37.134Z"
            },
            "dhcp_options_id": "ocid1.dhcpoptions.oc1.eu-frankfurt-1.aaaaaaaa7b6xdu4y7s7gldhffvbwvnn6mw2fz76hpdkjmn7utghofqjigiyq",
            "display_name": "Dev subnet 1",
            "dns_label": "dev",
            "freeform_tags": {},
            "id": "ocid1.subnet.oc1.eu-frankfurt-1.aaaaaaaad5tpsyzrmuvqvpqajqls7rwl4xg7jpqptt6bulquxp4nnlcjdjya",
            "ipv6cidr_block": null,
            "ipv6virtual_router_ip": null,
            "prohibit_internet_ingress": true,
            "prohibit_public_ip_on_vnic": true,
            "route_table_id": "ocid1.routetable.oc1.eu-frankfurt-1.aaaaaaaahp72dix4mdhw32abrlaeum67otcwu4cna5ypn2wl6czofzw6zbla",
            "security_list_ids": [
              "ocid1.securitylist.oc1.eu-frankfurt-1.aaaaaaaaf623e3xop7decfkx243tjis46jfchb4pu6x6f72r6m3t7uinzdkq"
            ],
            "state": "AVAILABLE",
            "subnet_domain_name": "dev.internal.oraclevcn.com",
            "time_created": "2021-08-18 04:07:37.183 +0000 UTC",
            "timeouts": null,
            "vcn_id": "ocid1.vcn.oc1.eu-frankfurt-1.amaaaaaamkax6byabttqky52gybj3tmvcnqb7sb5dqllrfqsa3nzs4rruzaa",
            "virtual_router_ip": "172.16.0.1",
            "virtual_router_mac": "00:00:17:88:07:04"
          },
          "sensitive_attributes": [],
          "private": "eyJlMmJmYjczMC1lY2FhLTExZTYtOGY4OC0zNDM2M2JjN2M0YzAiOnsiY3JlYXRlIjoxMjAwMDAwMDAwMDAwLCJkZWxldGUiOjEyMDAwMDAwMDAwMDAsInVwZGF0ZSI6MTIwMDAwMDAwMDAwMH19",
          "dependencies": [
            "oci_core_vcn.internal"
          ]
        }
      ]
    },
    {
      "mode": "managed",
      "type": "oci_core_vcn",
      "name": "internal",
      "provider": "provider[\"registry.terraform.io/hashicorp/oci\"]",
      "instances": [
        {
          "schema_version": 0,
          "attributes": {
            "cidr_block": "172.16.0.0/20",
            "cidr_blocks": [
              "172.16.0.0/20"
            ],
            "compartment_id": "ocid1.compartment.oc1..aaaaaaaanwem7xa7q7xubbc4heyap3qnkopittitpxk4a7xp3h4y62mqdlka",
            "default_dhcp_options_id": "ocid1.dhcpoptions.oc1.eu-frankfurt-1.aaaaaaaa7b6xdu4y7s7gldhffvbwvnn6mw2fz76hpdkjmn7utghofqjigiyq",
            "default_route_table_id": "ocid1.routetable.oc1.eu-frankfurt-1.aaaaaaaahp72dix4mdhw32abrlaeum67otcwu4cna5ypn2wl6czofzw6zbla",
            "default_security_list_id": "ocid1.securitylist.oc1.eu-frankfurt-1.aaaaaaaaf623e3xop7decfkx243tjis46jfchb4pu6x6f72r6m3t7uinzdkq",
            "defined_tags": {
              "Oracle-Tags.CreatedBy": "oracleidentitycloudservice/clingxin",
              "Oracle-Tags.CreatedOn": "2021-08-18T02:21:07.688Z"
            },
            "display_name": "My internal VCN",
            "dns_label": "internal",
            "freeform_tags": {},
            "id": "ocid1.vcn.oc1.eu-frankfurt-1.amaaaaaamkax6byabttqky52gybj3tmvcnqb7sb5dqllrfqsa3nzs4rruzaa",
            "ipv6cidr_blocks": [],
            "is_ipv6enabled": false,
            "state": "AVAILABLE",
            "time_created": "2021-08-18 02:21:07.801 +0000 UTC",
            "timeouts": null,
            "vcn_domain_name": "internal.oraclevcn.com"
          },
          "sensitive_attributes": [],
          "private": "eyJlMmJmYjczMC1lY2FhLTExZTYtOGY4OC0zNDM2M2JjN2M0YzAiOnsiY3JlYXRlIjoxMjAwMDAwMDAwMDAwLCJkZWxldGUiOjEyMDAwMDAwMDAwMDAsInVwZGF0ZSI6MTIwMDAwMDAwMDAwMH19"
        }
      ]
    }
  ]
}
